<?xml version="1.0" encoding="UTF-8"?>
<Scheme
   LastUpgradeVersion = "0720"
   version = "1.3">
   <BuildAction
      parallelizeBuildables = "YES"
      buildImplicitDependencies = "YES">
      <BuildActionEntries>
         <BuildActionEntry
            buildForTesting = "YES"
            buildForRunning = "YES"
            buildForProfiling = "YES"
            buildForArchiving = "YES"
            buildForAnalyzing = "YES">
            <BuildableReference
               BuildableIdentifier = "primary"
               BlueprintIdentifier = "F5DB33781C59B568007006B4"
               BuildableName = "SwinjectMVVMExample.app"
               BlueprintName = "SwinjectMVVMExample"
               ReferencedContainer = "container:SwinjectMVVMExample.xcodeproj">
            </BuildableReference>
         </BuildActionEntry>
      </BuildActionEntries>
   </BuildAction>
   <TestAction
      buildConfiguration = "Debug"
      selectedDebuggerIdentifier = "Xcode.DebuggerFoundation.Debugger.LLDB"
      selectedLauncherIdentifier = "Xcode.DebuggerFoundation.Launcher.LLDB"
      shouldUseLaunchSchemeArgsEnv = "YES">
      <Testables>
         <TestableReference
            skipped = "NO">
            <BuildableReference
               BuildableIdentifier = "primary"
               BlueprintIdentifier = "F5DB338C1C59B568007006B4"
               BuildableName = "SwinjectMVVMExampleTests.xctest"
               BlueprintName = "SwinjectMVVMExampleTests"
               ReferencedContainer = "container:SwinjectMVVMExample.xcodeproj">
            </BuildableReference>
         </TestableReference>
         <TestableReference
            skipped = "NO">
            <BuildableReference
               BuildableIdentifier = "primary"
               BlueprintIdentifier = "F5DB33A91C59B649007006B4"
               BuildableName = "ExampleModelTests.xctest"
               BlueprintName = "ExampleModelTests"
               ReferencedContainer = "container:SwinjectMVVMExample.xcodeproj">
            </BuildableReference>
         </TestableReference>
         <TestableReference
            skipped = "NO">
            <BuildableReference
               BuildableIdentifier = "primary"
               BlueprintIdentifier = "F5DB33CD1C59B692007006B4"
               BuildableName = "ExampleViewModelTests.xctest"
               BlueprintName = "ExampleViewModelTests"
               ReferencedContainer = "container:SwinjectMVVMExample.xcodeproj">
            </BuildableReference>
         </TestableReference>
         <TestableReference
            skipped = "NO">
            <BuildableReference
               BuildableIdentifier = "primary"
               BlueprintIdentifier = "F5DB33EF1C59B6A2007006B4"
               BuildableName = "ExampleViewTests.xctest"
               BlueprintName = "ExampleViewTests"
               ReferencedContainer = "container:SwinjectMVVMExample.xcodeproj">
            </BuildableReference>
         </TestableReference>
      </Testables>
      <MacroExpansion>
         <BuildableReference
            BuildableIdentifier = "primary"
            BlueprintIdentifier = "F5DB33781C59B568007006B4"
            BuildableName = "SwinjectMVVMExample.app"
            BlueprintName = "SwinjectMVVMExample"
            ReferencedContainer = "container:SwinjectMVVMExample.xcodeproj">
         </BuildableReference>
      </MacroExpansion>
      <AdditionalOptions>
      </AdditionalOptions>
   </TestAction>
   <LaunchAction
      buildConfiguration = "Debug"
      selectedDebuggerIdentifier = "Xcode.DebuggerFoundation.Debugger.LLDB"
      selectedLauncherIdentifier = "Xcode.DebuggerFoundation.Launcher.LLDB"
      launchStyle = "0"
      useCustomWorkingDirectory = "NO"
      ignoresPersistentStateOnLaunch = "NO"
      debugDocumentVersioning = "YES"
      debugServiceExtension = "internal"
      allowLocationSimulation = "YES">
      <BuildableProductRunnable
         runnableDebuggingMode = "0">
         <BuildableReference
            BuildableIdentifier = "primary"
            BlueprintIdentifier = "F5DB33781C59B568007006B4"
            BuildableName = "SwinjectMVVMExample.app"
            BlueprintName = "SwinjectMVVMExample"
            ReferencedContainer = "container:SwinjectMVVMExample.xcodeproj">
         </BuildableReference>
      </BuildableProductRunnable>
      <AdditionalOptions>
      </AdditionalOptions>
   </LaunchAction>
   <ProfileAction
      buildConfiguration = "Release"
      shouldUseLaunchSchemeArgsEnv = "YES"
      savedToolIdentifier = ""
      useCustomWorkingDirectory = "NO"
      debugDocumentVersioning = "YES">
      <BuildableProductRunnable
         runnableDebuggingMode = "0">
         <BuildableReference
            BuildableIdentifier = "primary"
            BlueprintIdentifier = "F5DB33781C59B568007006B4"
            BuildableName = "SwinjectMVVMExample.app"
            BlueprintName = "SwinjectMVVMExample"
            ReferencedContainer = "container:SwinjectMVVMExample.xcodeproj">
         </BuildableReference>
      </BuildableProductRunnable>
   </ProfileAction>
   <AnalyzeAction
      buildConfiguration = "Debug">
   </AnalyzeAction>
   <ArchiveAction
      buildConfiguration = "Release"
      revealArchiveInOrganizer = "YES">
   </ArchiveAction>
</Scheme>
